# THIS IS AN AUTOGENERATED FILE. DO NOT EDIT THIS FILE DIRECTLY.
# yarn lockfile v1


discord-id@^1.1.0:
  version "1.1.0"
  resolved "https://registry.yarnpkg.com/discord-id/-/discord-id-1.1.0.tgz#5bd5868b7511d9f903ab11a69ba8857e9db39fd5"
  integrity sha512-tD2dMyGDA6+hKavscbAFHA+7xiKxYzL/M1AzYZXIFV3LhiSFT+J2dicq/Knxu7lmcdFWwML7hqtT6NDvRkLQXA==
  dependencies:
    node-fetch "^2.6.1"

node-fetch@^2.6.1:
  version "2.6.11"
  resolved "https://registry.yarnpkg.com/node-fetch/-/node-fetch-2.6.11.tgz#cde7fc71deef3131ef80a738919f999e6edfff25"
  integrity sha512-4I6pdBY1EthSqDmJkiNk3JIT8cswwR9nfeW/cPdUagJYEQG7R95WRH74wpz7ma8Gh/9dI9FP+OU+0E4FvtA55w==
  dependencies:
    whatwg-url "^5.0.0"

steamapi@^2.2.0:
  version "2.2.0"
  resolved "https://registry.yarnpkg.com/steamapi/-/steamapi-2.2.0.tgz#e82682b94de773f42e92a59ae82f312abed50041"
  integrity sha512-2UWklLzYQruuUC0a5AUgll1dU91/CWgiAhm/7y+rqc43kbBWereGTtmwo8wr6imjC64iV5893KChXghW0zK8Gg==
  dependencies:
    steamid "^2.0.0"

steamid@^2.0.0:
  version "2.0.0"
  resolved "https://registry.yarnpkg.com/steamid/-/steamid-2.0.0.tgz#6d4a51feb80638c1fe4793be77aa972996f4ad75"
  integrity sha512-+BFJMbo+IxzyfovLR37E7APkaNfmrL3S+88T7wTMRHnQ6LBhzEawPnjfWNKM9eUL/dH45j+7vhSX4WaGXoa4/Q==

tr46@~0.0.3:
  version "0.0.3"
  resolved "https://registry.yarnpkg.com/tr46/-/tr46-0.0.3.tgz#8184fd347dac9cdc185992f3a6622e14b9d9ab6a"
  integrity sha512-N3WMsuqV66lT30CrXNbEjx4GEwlow3v6rr4mCcv6prnfwhS01rkgyFdjPNBYd9br7LpXV1+Emh01fHnq2Gdgrw==

webidl-conversions@^3.0.0:
  version "3.0.1"
  resolved "https://registry.yarnpkg.com/webidl-conversions/-/webidl-conversions-3.0.1.tgz#24534275e2a7bc6be7bc86611cc16ae0a5654871"
  integrity sha512-2JAn3z8AR6rjK8Sm8orRC0h/bcl/DqL7tRPdGZ4I1CjdF+EaMLmYxBHyXuKL849eucPFhvBoxMsflfOb8kxaeQ==

whatwg-url@^5.0.0:
  version "5.0.0"
  resolved "https://registry.yarnpkg.com/whatwg-url/-/whatwg-url-5.0.0.tgz#966454e8765462e37644d3626f6742ce8b70965d"
  integrity sha512-saE57nupxk6v3HY35+jzBwYa0rKSy0XR8JSxZPwgLr7ys0IBzhGviA1/TUGJLmSVqs8pb9AnvICXEuOHLprYTw==
  dependencies:
    tr46 "~0.0.3"
    webidl-conversions "^3.0.0"
