# THIS IS AN AUTOGENERATED FILE. DO NOT EDIT THIS FILE DIRECTLY.
# yarn lockfile v1


discord-id@^1.1.0:
  version "1.1.0"
  resolved "https://registry.npmjs.org/discord-id/-/discord-id-1.1.0.tgz"
  integrity sha512-tD2dMyGDA6+hKavscbAFHA+7xiKxYzL/M1AzYZXIFV3LhiSFT+J2dicq/Knxu7lmcdFWwML7hqtT6NDvRkLQXA==
  dependencies:
    node-fetch "^2.6.1"

node-fetch@^2.6.1:
  version "2.6.9"
  resolved "https://registry.npmjs.org/node-fetch/-/node-fetch-2.6.9.tgz"
  integrity sha512-DJm/CJkZkRjKKj4Zi4BsKVZh3ValV5IR5s7LVZnW+6YMh0W1BfNA8XSs6DLMGYlId5F3KnA70uu2qepcR08Qqg==
  dependencies:
    whatwg-url "^5.0.0"

steamapi@^2.2.0:
  version "2.2.0"
  resolved "https://registry.npmjs.org/steamapi/-/steamapi-2.2.0.tgz"
  integrity sha512-2UWklLzYQruuUC0a5AUgll1dU91/CWgiAhm/7y+rqc43kbBWereGTtmwo8wr6imjC64iV5893KChXghW0zK8Gg==
  dependencies:
    steamid "^2.0.0"

steamid@^2.0.0:
  version "2.0.0"
  resolved "https://registry.npmjs.org/steamid/-/steamid-2.0.0.tgz"
  integrity sha512-+BFJMbo+IxzyfovLR37E7APkaNfmrL3S+88T7wTMRHnQ6LBhzEawPnjfWNKM9eUL/dH45j+7vhSX4WaGXoa4/Q==

tr46@~0.0.3:
  version "0.0.3"
  resolved "https://registry.npmjs.org/tr46/-/tr46-0.0.3.tgz"
  integrity sha512-N3WMsuqV66lT30CrXNbEjx4GEwlow3v6rr4mCcv6prnfwhS01rkgyFdjPNBYd9br7LpXV1+Emh01fHnq2Gdgrw==

webidl-conversions@^3.0.0:
  version "3.0.1"
  resolved "https://registry.npmjs.org/webidl-conversions/-/webidl-conversions-3.0.1.tgz"
  integrity sha512-2JAn3z8AR6rjK8Sm8orRC0h/bcl/DqL7tRPdGZ4I1CjdF+EaMLmYxBHyXuKL849eucPFhvBoxMsflfOb8kxaeQ==

whatwg-url@^5.0.0:
  version "5.0.0"
  resolved "https://registry.npmjs.org/whatwg-url/-/whatwg-url-5.0.0.tgz"
  integrity sha512-saE57nupxk6v3HY35+jzBwYa0rKSy0XR8JSxZPwgLr7ys0IBzhGviA1/TUGJLmSVqs8pb9AnvICXEuOHLprYTw==
  dependencies:
    tr46 "~0.0.3"
    webidl-conversions "^3.0.0"
